hash: eb0f73cf72467b8b5e1b30ce849e9a1e87f67b4297977c89138edfa033ce56f0
updated: 2016-02-20T17:57:16.938066152-05:00
imports:
- name: github.com/boombuler/barcode
  version: 63f4aa2c46ebfac93952223a52df876f30b064c0
  repo: https://github.com/boombuler/barcode
- name: github.com/jung-kurt/gofpdf
  version: 0d15f36c67d7e7494aa0eb5a1d94cd766835c257
- name: github.com/ogier/pflag
  version: 45c278ab3607870051a2ea9040bb85fcb8557481
devImports: []
