hash: 2ebaaf27b7ab56d61564e433983c76b2a7838772ca88a24ec74fc101e0a2c4de
updated: 2016-02-20T10:59:58.351124944-05:00
imports:
- name: github.com/boombuler/barcode
  version: 63f4aa2c46ebfac93952223a52df876f30b064c0
- name: github.com/jung-kurt/gofpdf
  version: 0d15f36c67d7e7494aa0eb5a1d94cd766835c257
devImports: []
